# @generated by Move, please check-in and do not edit manually.

[move]
version = 2
manifest_digest = "287A98755F6214A2AA4465FAECAB545F26E1FA13E26500DB72D4C1F25A681DA6"
deps_digest = "F8BBB0CCB2491CA29A3DF03D6F92277A4F3574266507ACD77214D37ECA3F3082"
dependencies = [
  { name = "Sui" },
]

[[move.package]]
name = "MoveStdlib"
source = { git = "https://github.com/MystenLabs/sui.git", rev = "framework/testnet", subdir = "crates/sui-framework/packages/move-stdlib" }

[[move.package]]
name = "Sui"
source = { git = "https://github.com/MystenLabs/sui.git", rev = "framework/testnet", subdir = "crates/sui-framework/packages/sui-framework" }

dependencies = [
  { name = "MoveStdlib" },
]

[move.toolchain-version]
compiler-version = "1.30.1"
edition = "2024.beta"
flavor = "sui"

[env]

[env.testnet]
chain-id = "4c78adac"
original-published-id = "0xe821cef1db63ff13bc357f27f08528431b3dedd9bcb9d6e0a0249054fdd79e0e"
latest-published-id = "0xe821cef1db63ff13bc357f27f08528431b3dedd9bcb9d6e0a0249054fdd79e0e"
published-version = "1"
