# @generated by Move, please check-in and do not edit manually.

[move]
version = 2
manifest_digest = "287A98755F6214A2AA4465FAECAB545F26E1FA13E26500DB72D4C1F25A681DA6"
deps_digest = "F8BBB0CCB2491CA29A3DF03D6F92277A4F3574266507ACD77214D37ECA3F3082"
dependencies = [
  { name = "Sui" },
]

[[move.package]]
name = "MoveStdlib"
source = { git = "https://github.com/MystenLabs/sui.git", rev = "framework/testnet", subdir = "crates/sui-framework/packages/move-stdlib" }

[[move.package]]
name = "Sui"
source = { git = "https://github.com/MystenLabs/sui.git", rev = "framework/testnet", subdir = "crates/sui-framework/packages/sui-framework" }

dependencies = [
  { name = "MoveStdlib" },
]

[move.toolchain-version]
compiler-version = "1.33.0"
edition = "2024.beta"
flavor = "sui"

[env]

[env.testnet]
chain-id = "4c78adac"
original-published-id = "0xf9e1810f194bf23b229638d87f5323ec045d20e8d2bd7d3383381f6970e17cb2"
latest-published-id = "0xf9e1810f194bf23b229638d87f5323ec045d20e8d2bd7d3383381f6970e17cb2"
published-version = "1"
